// !$*UTF8*$!
{
	archiveVersion = 1;
	classes = {
	};
	objectVersion = 46;
	objects = {

/* Begin PBXBuildFile section */
		C5BC90E41B743D980012CEEB /* main.m in Sources */ = {isa = PBXBuildFile; fileRef = C5BC90E31B743D980012CEEB /* main.m */; };
		C5BC90E71B743D980012CEEB /* AppDelegate.m in Sources */ = {isa = PBXBuildFile; fileRef = C5BC90E61B743D980012CEEB /* AppDelegate.m */; };
		C5BC90EA1B743D980012CEEB /* ViewController.m in Sources */ = {isa = PBXBuildFile; fileRef = C5BC90E91B743D980012CEEB /* ViewController.m */; };
		C5BC90ED1B743D980012CEEB /* Main.storyboard in Resources */ = {isa = PBXBuildFile; fileRef = C5BC90EB1B743D980012CEEB /* Main.storyboard */; };
		C5BC90EF1B743D980012CEEB /* Images.xcassets in Resources */ = {isa = PBXBuildFile; fileRef = C5BC90EE1B743D980012CEEB /* Images.xcassets */; };
		C5BC90F21B743D980012CEEB /* LaunchScreen.xib in Resources */ = {isa = PBXBuildFile; fileRef = C5BC90F01B743D980012CEEB /* LaunchScreen.xib */; };
		C5BC90FE1B743D990012CEEB /* CoreGraphicsTests.m in Sources */ = {isa = PBXBuildFile; fileRef = C5BC90FD1B743D990012CEEB /* CoreGraphicsTests.m */; };
		C5BC91091B743DC60012CEEB /* MyView.m in Sources */ = {isa = PBXBuildFile; fileRef = C5BC91081B743DC60012CEEB /* MyView.m */; };
		C5BC915D1B744A870012CEEB /* InfoPlist.strings in Resources */ = {isa = PBXBuildFile; fileRef = C5BC91161B744A870012CEEB /* InfoPlist.strings */; };
		C5BC915E1B744A870012CEEB /* pop-Info.plist in Resources */ = {isa = PBXBuildFile; fileRef = C5BC91181B744A870012CEEB /* pop-Info.plist */; };
		C5BC915F1B744A870012CEEB /* POPAnimatableProperty.mm in Sources */ = {isa = PBXBuildFile; fileRef = C5BC911D1B744A870012CEEB /* POPAnimatableProperty.mm */; };
		C5BC91601B744A870012CEEB /* POPAnimation.mm in Sources */ = {isa = PBXBuildFile; fileRef = C5BC911F1B744A870012CEEB /* POPAnimation.mm */; };
		C5BC91611B744A870012CEEB /* POPAnimationEvent.mm in Sources */ = {isa = PBXBuildFile; fileRef = C5BC91211B744A870012CEEB /* POPAnimationEvent.mm */; };
		C5BC91621B744A870012CEEB /* POPAnimationExtras.mm in Sources */ = {isa = PBXBuildFile; fileRef = C5BC91241B744A870012CEEB /* POPAnimationExtras.mm */; };
		C5BC91631B744A870012CEEB /* POPAnimationRuntime.mm in Sources */ = {isa = PBXBuildFile; fileRef = C5BC91281B744A870012CEEB /* POPAnimationRuntime.mm */; };
		C5BC91641B744A870012CEEB /* POPAnimationTracer.mm in Sources */ = {isa = PBXBuildFile; fileRef = C5BC912A1B744A870012CEEB /* POPAnimationTracer.mm */; };
		C5BC91651B744A870012CEEB /* POPAnimator.mm in Sources */ = {isa = PBXBuildFile; fileRef = C5BC912D1B744A870012CEEB /* POPAnimator.mm */; };
		C5BC91661B744A870012CEEB /* POPBasicAnimation.mm in Sources */ = {isa = PBXBuildFile; fileRef = C5BC91301B744A870012CEEB /* POPBasicAnimation.mm */; };
		C5BC91671B744A870012CEEB /* POPCGUtils.mm in Sources */ = {isa = PBXBuildFile; fileRef = C5BC91331B744A870012CEEB /* POPCGUtils.mm */; };
		C5BC91681B744A870012CEEB /* POPCustomAnimation.mm in Sources */ = {isa = PBXBuildFile; fileRef = C5BC91351B744A870012CEEB /* POPCustomAnimation.mm */; };
		C5BC91691B744A870012CEEB /* POPDecayAnimation.mm in Sources */ = {isa = PBXBuildFile; fileRef = C5BC91371B744A870012CEEB /* POPDecayAnimation.mm */; };
		C5BC916A1B744A870012CEEB /* POPGeometry.mm in Sources */ = {isa = PBXBuildFile; fileRef = C5BC913B1B744A870012CEEB /* POPGeometry.mm */; };
		C5BC916B1B744A870012CEEB /* POPLayerExtras.mm in Sources */ = {isa = PBXBuildFile; fileRef = C5BC913D1B744A870012CEEB /* POPLayerExtras.mm */; };
		C5BC916C1B744A870012CEEB /* POPMath.mm in Sources */ = {isa = PBXBuildFile; fileRef = C5BC913F1B744A870012CEEB /* POPMath.mm */; };
		C5BC916D1B744A870012CEEB /* POPPropertyAnimation.mm in Sources */ = {isa = PBXBuildFile; fileRef = C5BC91411B744A870012CEEB /* POPPropertyAnimation.mm */; };
		C5BC916E1B744A870012CEEB /* POPSpringAnimation.mm in Sources */ = {isa = PBXBuildFile; fileRef = C5BC91441B744A870012CEEB /* POPSpringAnimation.mm */; };
		C5BC916F1B744A870012CEEB /* POPVector.mm in Sources */ = {isa = PBXBuildFile; fileRef = C5BC91481B744A870012CEEB /* POPVector.mm */; };
		C5BC91701B744A870012CEEB /* TransformationMatrix.cpp in Sources */ = {isa = PBXBuildFile; fileRef = C5BC914B1B744A870012CEEB /* TransformationMatrix.cpp */; };
/* End PBXBuildFile section */

/* Begin PBXContainerItemProxy section */
		C5BC90F81B743D990012CEEB /* PBXContainerItemProxy */ = {
			isa = PBXContainerItemProxy;
			containerPortal = C5BC90D61B743D980012CEEB /* Project object */;
			proxyType = 1;
			remoteGlobalIDString = C5BC90DD1B743D980012CEEB;
			remoteInfo = CoreGraphics;
		};
/* End PBXContainerItemProxy section */

/* Begin PBXFileReference section */
		C5BC90DE1B743D980012CEEB /* CoreGraphics.app */ = {isa = PBXFileReference; explicitFileType = wrapper.application; includeInIndex = 0; path = CoreGraphics.app; sourceTree = BUILT_PRODUCTS_DIR; };
		C5BC90E21B743D980012CEEB /* Info.plist */ = {isa = PBXFileReference; lastKnownFileType = text.plist.xml; path = Info.plist; sourceTree = "<group>"; };
		C5BC90E31B743D980012CEEB /* main.m */ = {isa = PBXFileReference; lastKnownFileType = sourcecode.c.objc; path = main.m; sourceTree = "<group>"; };
		C5BC90E51B743D980012CEEB /* AppDelegate.h */ = {isa = PBXFileReference; lastKnownFileType = sourcecode.c.h; path = AppDelegate.h; sourceTree = "<group>"; };
		C5BC90E61B743D980012CEEB /* AppDelegate.m */ = {isa = PBXFileReference; lastKnownFileType = sourcecode.c.objc; path = AppDelegate.m; sourceTree = "<group>"; };
		C5BC90E81B743D980012CEEB /* ViewController.h */ = {isa = PBXFileReference; lastKnownFileType = sourcecode.c.h; path = ViewController.h; sourceTree = "<group>"; };
		C5BC90E91B743D980012CEEB /* ViewController.m */ = {isa = PBXFileReference; lastKnownFileType = sourcecode.c.objc; path = ViewController.m; sourceTree = "<group>"; };
		C5BC90EC1B743D980012CEEB /* Base */ = {isa = PBXFileReference; lastKnownFileType = file.storyboard; name = Base; path = Base.lproj/Main.storyboard; sourceTree = "<group>"; };
		C5BC90EE1B743D980012CEEB /* Images.xcassets */ = {isa = PBXFileReference; lastKnownFileType = folder.assetcatalog; path = Images.xcassets; sourceTree = "<group>"; };
		C5BC90F11B743D980012CEEB /* Base */ = {isa = PBXFileReference; lastKnownFileType = file.xib; name = Base; path = Base.lproj/LaunchScreen.xib; sourceTree = "<group>"; };
		C5BC90F71B743D990012CEEB /* CoreGraphicsTests.xctest */ = {isa = PBXFileReference; explicitFileType = wrapper.cfbundle; includeInIndex = 0; path = CoreGraphicsTests.xctest; sourceTree = BUILT_PRODUCTS_DIR; };
		C5BC90FC1B743D990012CEEB /* Info.plist */ = {isa = PBXFileReference; lastKnownFileType = text.plist.xml; path = Info.plist; sourceTree = "<group>"; };
		C5BC90FD1B743D990012CEEB /* CoreGraphicsTests.m */ = {isa = PBXFileReference; lastKnownFileType = sourcecode.c.objc; path = CoreGraphicsTests.m; sourceTree = "<group>"; };
		C5BC91071B743DC60012CEEB /* MyView.h */ = {isa = PBXFileReference; fileEncoding = 4; lastKnownFileType = sourcecode.c.h; path = MyView.h; sourceTree = "<group>"; };
		C5BC91081B743DC60012CEEB /* MyView.m */ = {isa = PBXFileReference; fileEncoding = 4; lastKnownFileType = sourcecode.c.objc; path = MyView.m; sourceTree = "<group>"; };
		C5BC91171B744A870012CEEB /* en */ = {isa = PBXFileReference; lastKnownFileType = text.plist.strings; name = en; path = en.lproj/InfoPlist.strings; sourceTree = "<group>"; };
		C5BC91181B744A870012CEEB /* pop-Info.plist */ = {isa = PBXFileReference; fileEncoding = 4; lastKnownFileType = text.plist.xml; path = "pop-Info.plist"; sourceTree = "<group>"; };
		C5BC91191B744A870012CEEB /* pop-Prefix.pch */ = {isa = PBXFileReference; fileEncoding = 4; lastKnownFileType = sourcecode.c.h; path = "pop-Prefix.pch"; sourceTree = "<group>"; };
		C5BC911A1B744A870012CEEB /* POP.h */ = {isa = PBXFileReference; fileEncoding = 4; lastKnownFileType = sourcecode.c.h; path = POP.h; sourceTree = "<group>"; };
		C5BC911B1B744A870012CEEB /* POPAction.h */ = {isa = PBXFileReference; fileEncoding = 4; lastKnownFileType = sourcecode.c.h; path = POPAction.h; sourceTree = "<group>"; };
		C5BC911C1B744A870012CEEB /* POPAnimatableProperty.h */ = {isa = PBXFileReference; fileEncoding = 4; lastKnownFileType = sourcecode.c.h; path = POPAnimatableProperty.h; sourceTree = "<group>"; };
		C5BC911D1B744A870012CEEB /* POPAnimatableProperty.mm */ = {isa = PBXFileReference; fileEncoding = 4; lastKnownFileType = sourcecode.cpp.objcpp; path = POPAnimatableProperty.mm; sourceTree = "<group>"; };
		C5BC911E1B744A870012CEEB /* POPAnimation.h */ = {isa = PBXFileReference; fileEncoding = 4; lastKnownFileType = sourcecode.c.h; path = POPAnimation.h; sourceTree = "<group>"; };
		C5BC911F1B744A870012CEEB /* POPAnimation.mm */ = {isa = PBXFileReference; fileEncoding = 4; lastKnownFileType = sourcecode.cpp.objcpp; path = POPAnimation.mm; sourceTree = "<group>"; };
		C5BC91201B744A870012CEEB /* POPAnimationEvent.h */ = {isa = PBXFileReference; fileEncoding = 4; lastKnownFileType = sourcecode.c.h; path = POPAnimationEvent.h; sourceTree = "<group>"; };
		C5BC91211B744A870012CEEB /* POPAnimationEvent.mm */ = {isa = PBXFileReference; fileEncoding = 4; lastKnownFileType = sourcecode.cpp.objcpp; path = POPAnimationEvent.mm; sourceTree = "<group>"; };
		C5BC91221B744A870012CEEB /* POPAnimationEventInternal.h */ = {isa = PBXFileReference; fileEncoding = 4; lastKnownFileType = sourcecode.c.h; path = POPAnimationEventInternal.h; sourceTree = "<group>"; };
		C5BC91231B744A870012CEEB /* POPAnimationExtras.h */ = {isa = PBXFileReference; fileEncoding = 4; lastKnownFileType = sourcecode.c.h; path = POPAnimationExtras.h; sourceTree = "<group>"; };
		C5BC91241B744A870012CEEB /* POPAnimationExtras.mm */ = {isa = PBXFileReference; fileEncoding = 4; lastKnownFileType = sourcecode.cpp.objcpp; path = POPAnimationExtras.mm; sourceTree = "<group>"; };
		C5BC91251B744A870012CEEB /* POPAnimationInternal.h */ = {isa = PBXFileReference; fileEncoding = 4; lastKnownFileType = sourcecode.c.h; path = POPAnimationInternal.h; sourceTree = "<group>"; };
		C5BC91261B744A870012CEEB /* POPAnimationPrivate.h */ = {isa = PBXFileReference; fileEncoding = 4; lastKnownFileType = sourcecode.c.h; path = POPAnimationPrivate.h; sourceTree = "<group>"; };
		C5BC91271B744A870012CEEB /* POPAnimationRuntime.h */ = {isa = PBXFileReference; fileEncoding = 4; lastKnownFileType = sourcecode.c.h; path = POPAnimationRuntime.h; sourceTree = "<group>"; };
		C5BC91281B744A870012CEEB /* POPAnimationRuntime.mm */ = {isa = PBXFileReference; fileEncoding = 4; lastKnownFileType = sourcecode.cpp.objcpp; path = POPAnimationRuntime.mm; sourceTree = "<group>"; };
		C5BC91291B744A870012CEEB /* POPAnimationTracer.h */ = {isa = PBXFileReference; fileEncoding = 4; lastKnownFileType = sourcecode.c.h; path = POPAnimationTracer.h; sourceTree = "<group>"; };
		C5BC912A1B744A870012CEEB /* POPAnimationTracer.mm */ = {isa = PBXFileReference; fileEncoding = 4; lastKnownFileType = sourcecode.cpp.objcpp; path = POPAnimationTracer.mm; sourceTree = "<group>"; };
		C5BC912B1B744A870012CEEB /* POPAnimationTracerInternal.h */ = {isa = PBXFileReference; fileEncoding = 4; lastKnownFileType = sourcecode.c.h; path = POPAnimationTracerInternal.h; sourceTree = "<group>"; };
		C5BC912C1B744A870012CEEB /* POPAnimator.h */ = {isa = PBXFileReference; fileEncoding = 4; lastKnownFileType = sourcecode.c.h; path = POPAnimator.h; sourceTree = "<group>"; };
		C5BC912D1B744A870012CEEB /* POPAnimator.mm */ = {isa = PBXFileReference; fileEncoding = 4; lastKnownFileType = sourcecode.cpp.objcpp; path = POPAnimator.mm; sourceTree = "<group>"; };
		C5BC912E1B744A870012CEEB /* POPAnimatorPrivate.h */ = {isa = PBXFileReference; fileEncoding = 4; lastKnownFileType = sourcecode.c.h; path = POPAnimatorPrivate.h; sourceTree = "<group>"; };
		C5BC912F1B744A870012CEEB /* POPBasicAnimation.h */ = {isa = PBXFileReference; fileEncoding = 4; lastKnownFileType = sourcecode.c.h; path = POPBasicAnimation.h; sourceTree = "<group>"; };
		C5BC91301B744A870012CEEB /* POPBasicAnimation.mm */ = {isa = PBXFileReference; fileEncoding = 4; lastKnownFileType = sourcecode.cpp.objcpp; path = POPBasicAnimation.mm; sourceTree = "<group>"; };
		C5BC91311B744A870012CEEB /* POPBasicAnimationInternal.h */ = {isa = PBXFileReference; fileEncoding = 4; lastKnownFileType = sourcecode.c.h; path = POPBasicAnimationInternal.h; sourceTree = "<group>"; };
		C5BC91321B744A870012CEEB /* POPCGUtils.h */ = {isa = PBXFileReference; fileEncoding = 4; lastKnownFileType = sourcecode.c.h; path = POPCGUtils.h; sourceTree = "<group>"; };
		C5BC91331B744A870012CEEB /* POPCGUtils.mm */ = {isa = PBXFileReference; fileEncoding = 4; lastKnownFileType = sourcecode.cpp.objcpp; path = POPCGUtils.mm; sourceTree = "<group>"; };
		C5BC91341B744A870012CEEB /* POPCustomAnimation.h */ = {isa = PBXFileReference; fileEncoding = 4; lastKnownFileType = sourcecode.c.h; path = POPCustomAnimation.h; sourceTree = "<group>"; };
		C5BC91351B744A870012CEEB /* POPCustomAnimation.mm */ = {isa = PBXFileReference; fileEncoding = 4; lastKnownFileType = sourcecode.cpp.objcpp; path = POPCustomAnimation.mm; sourceTree = "<group>"; };
		C5BC91361B744A870012CEEB /* POPDecayAnimation.h */ = {isa = PBXFileReference; fileEncoding = 4; lastKnownFileType = sourcecode.c.h; path = POPDecayAnimation.h; sourceTree = "<group>"; };
		C5BC91371B744A870012CEEB /* POPDecayAnimation.mm */ = {isa = PBXFileReference; fileEncoding = 4; lastKnownFileType = sourcecode.cpp.objcpp; path = POPDecayAnimation.mm; sourceTree = "<group>"; };
		C5BC91381B744A870012CEEB /* POPDecayAnimationInternal.h */ = {isa = PBXFileReference; fileEncoding = 4; lastKnownFileType = sourcecode.c.h; path = POPDecayAnimationInternal.h; sourceTree = "<group>"; };
		C5BC91391B744A870012CEEB /* POPDefines.h */ = {isa = PBXFileReference; fileEncoding = 4; lastKnownFileType = sourcecode.c.h; path = POPDefines.h; sourceTree = "<group>"; };
		C5BC913A1B744A870012CEEB /* POPGeometry.h */ = {isa = PBXFileReference; fileEncoding = 4; lastKnownFileType = sourcecode.c.h; path = POPGeometry.h; sourceTree = "<group>"; };
		C5BC913B1B744A870012CEEB /* POPGeometry.mm */ = {isa = PBXFileReference; fileEncoding = 4; lastKnownFileType = sourcecode.cpp.objcpp; path = POPGeometry.mm; sourceTree = "<group>"; };
		C5BC913C1B744A870012CEEB /* POPLayerExtras.h */ = {isa = PBXFileReference; fileEncoding = 4; lastKnownFileType = sourcecode.c.h; path = POPLayerExtras.h; sourceTree = "<group>"; };
		C5BC913D1B744A870012CEEB /* POPLayerExtras.mm */ = {isa = PBXFileReference; fileEncoding = 4; lastKnownFileType = sourcecode.cpp.objcpp; path = POPLayerExtras.mm; sourceTree = "<group>"; };
		C5BC913E1B744A870012CEEB /* POPMath.h */ = {isa = PBXFileReference; fileEncoding = 4; lastKnownFileType = sourcecode.c.h; path = POPMath.h; sourceTree = "<group>"; };
		C5BC913F1B744A870012CEEB /* POPMath.mm */ = {isa = PBXFileReference; fileEncoding = 4; lastKnownFileType = sourcecode.cpp.objcpp; path = POPMath.mm; sourceTree = "<group>"; };
		C5BC91401B744A870012CEEB /* POPPropertyAnimation.h */ = {isa = PBXFileReference; fileEncoding = 4; lastKnownFileType = sourcecode.c.h; path = POPPropertyAnimation.h; sourceTree = "<group>"; };
		C5BC91411B744A870012CEEB /* POPPropertyAnimation.mm */ = {isa = PBXFileReference; fileEncoding = 4; lastKnownFileType = sourcecode.cpp.objcpp; path = POPPropertyAnimation.mm; sourceTree = "<group>"; };
		C5BC91421B744A870012CEEB /* POPPropertyAnimationInternal.h */ = {isa = PBXFileReference; fileEncoding = 4; lastKnownFileType = sourcecode.c.h; path = POPPropertyAnimationInternal.h; sourceTree = "<group>"; };
		C5BC91431B744A870012CEEB /* POPSpringAnimation.h */ = {isa = PBXFileReference; fileEncoding = 4; lastKnownFileType = sourcecode.c.h; path = POPSpringAnimation.h; sourceTree = "<group>"; };
		C5BC91441B744A870012CEEB /* POPSpringAnimation.mm */ = {isa = PBXFileReference; fileEncoding = 4; lastKnownFileType = sourcecode.cpp.objcpp; path = POPSpringAnimation.mm; sourceTree = "<group>"; };
		C5BC91451B744A870012CEEB /* POPSpringAnimationInternal.h */ = {isa = PBXFileReference; fileEncoding = 4; lastKnownFileType = sourcecode.c.h; path = POPSpringAnimationInternal.h; sourceTree = "<group>"; };
		C5BC91461B744A870012CEEB /* POPSpringSolver.h */ = {isa = PBXFileReference; fileEncoding = 4; lastKnownFileType = sourcecode.c.h; path = POPSpringSolver.h; sourceTree = "<group>"; };
		C5BC91471B744A870012CEEB /* POPVector.h */ = {isa = PBXFileReference; fileEncoding = 4; lastKnownFileType = sourcecode.c.h; path = POPVector.h; sourceTree = "<group>"; };
		C5BC91481B744A870012CEEB /* POPVector.mm */ = {isa = PBXFileReference; fileEncoding = 4; lastKnownFileType = sourcecode.cpp.objcpp; path = POPVector.mm; sourceTree = "<group>"; };
		C5BC914A1B744A870012CEEB /* FloatConversion.h */ = {isa = PBXFileReference; fileEncoding = 4; lastKnownFileType = sourcecode.c.h; path = FloatConversion.h; sourceTree = "<group>"; };
		C5BC914B1B744A870012CEEB /* TransformationMatrix.cpp */ = {isa = PBXFileReference; fileEncoding = 4; lastKnownFileType = sourcecode.cpp.cpp; path = TransformationMatrix.cpp; sourceTree = "<group>"; };
		C5BC914C1B744A870012CEEB /* TransformationMatrix.h */ = {isa = PBXFileReference; fileEncoding = 4; lastKnownFileType = sourcecode.c.h; path = TransformationMatrix.h; sourceTree = "<group>"; };
		C5BC914D1B744A870012CEEB /* UnitBezier.h */ = {isa = PBXFileReference; fileEncoding = 4; lastKnownFileType = sourcecode.c.h; path = UnitBezier.h; sourceTree = "<group>"; };
/* End PBXFileReference section */

/* Begin PBXFrameworksBuildPhase section */
		C5BC90DB1B743D980012CEEB /* Frameworks */ = {
			isa = PBXFrameworksBuildPhase;
			buildActionMask = 2147483647;
			files = (
			);
			runOnlyForDeploymentPostprocessing = 0;
		};
		C5BC90F41B743D990012CEEB /* Frameworks */ = {
			isa = PBXFrameworksBuildPhase;
			buildActionMask = 2147483647;
			files = (
			);
			runOnlyForDeploymentPostprocessing = 0;
		};
/* End PBXFrameworksBuildPhase section */

/* Begin PBXGroup section */
		C5BC90D51B743D980012CEEB = {
			isa = PBXGroup;
			children = (
				C5BC90E01B743D980012CEEB /* CoreGraphics */,
				C5BC90FA1B743D990012CEEB /* CoreGraphicsTests */,
				C5BC90DF1B743D980012CEEB /* Products */,
			);
			sourceTree = "<group>";
		};
		C5BC90DF1B743D980012CEEB /* Products */ = {
			isa = PBXGroup;
			children = (
				C5BC90DE1B743D980012CEEB /* CoreGraphics.app */,
				C5BC90F71B743D990012CEEB /* CoreGraphicsTests.xctest */,
			);
			name = Products;
			sourceTree = "<group>";
		};
		C5BC90E01B743D980012CEEB /* CoreGraphics */ = {
			isa = PBXGroup;
			children = (
				C5BC91151B744A870012CEEB /* pop */,
				C5BC90E51B743D980012CEEB /* AppDelegate.h */,
				C5BC90E61B743D980012CEEB /* AppDelegate.m */,
				C5BC90E81B743D980012CEEB /* ViewController.h */,
				C5BC90E91B743D980012CEEB /* ViewController.m */,
				C5BC90EB1B743D980012CEEB /* Main.storyboard */,
				C5BC90EE1B743D980012CEEB /* Images.xcassets */,
				C5BC90F01B743D980012CEEB /* LaunchScreen.xib */,
				C5BC90E11B743D980012CEEB /* Supporting Files */,
				C5BC91071B743DC60012CEEB /* MyView.h */,
				C5BC91081B743DC60012CEEB /* MyView.m */,
			);
			path = CoreGraphics;
			sourceTree = "<group>";
		};
		C5BC90E11B743D980012CEEB /* Supporting Files */ = {
			isa = PBXGroup;
			children = (
				C5BC90E21B743D980012CEEB /* Info.plist */,
				C5BC90E31B743D980012CEEB /* main.m */,
			);
			name = "Supporting Files";
			sourceTree = "<group>";
		};
		C5BC90FA1B743D990012CEEB /* CoreGraphicsTests */ = {
			isa = PBXGroup;
			children = (
				C5BC90FD1B743D990012CEEB /* CoreGraphicsTests.m */,
				C5BC90FB1B743D990012CEEB /* Supporting Files */,
			);
			path = CoreGraphicsTests;
			sourceTree = "<group>";
		};
		C5BC90FB1B743D990012CEEB /* Supporting Files */ = {
			isa = PBXGroup;
			children = (
				C5BC90FC1B743D990012CEEB /* Info.plist */,
			);
			name = "Supporting Files";
			sourceTree = "<group>";
		};
		C5BC91151B744A870012CEEB /* pop */ = {
			isa = PBXGroup;
			children = (
				C5BC91161B744A870012CEEB /* InfoPlist.strings */,
				C5BC91181B744A870012CEEB /* pop-Info.plist */,
				C5BC91191B744A870012CEEB /* pop-Prefix.pch */,
				C5BC911A1B744A870012CEEB /* POP.h */,
				C5BC911B1B744A870012CEEB /* POPAction.h */,
				C5BC911C1B744A870012CEEB /* POPAnimatableProperty.h */,
				C5BC911D1B744A870012CEEB /* POPAnimatableProperty.mm */,
				C5BC911E1B744A870012CEEB /* POPAnimation.h */,
				C5BC911F1B744A870012CEEB /* POPAnimation.mm */,
				C5BC91201B744A870012CEEB /* POPAnimationEvent.h */,
				C5BC91211B744A870012CEEB /* POPAnimationEvent.mm */,
				C5BC91221B744A870012CEEB /* POPAnimationEventInternal.h */,
				C5BC91231B744A870012CEEB /* POPAnimationExtras.h */,
				C5BC91241B744A870012CEEB /* POPAnimationExtras.mm */,
				C5BC91251B744A870012CEEB /* POPAnimationInternal.h */,
				C5BC91261B744A870012CEEB /* POPAnimationPrivate.h */,
				C5BC91271B744A870012CEEB /* POPAnimationRuntime.h */,
				C5BC91281B744A870012CEEB /* POPAnimationRuntime.mm */,
				C5BC91291B744A870012CEEB /* POPAnimationTracer.h */,
				C5BC912A1B744A870012CEEB /* POPAnimationTracer.mm */,
				C5BC912B1B744A870012CEEB /* POPAnimationTracerInternal.h */,
				C5BC912C1B744A870012CEEB /* POPAnimator.h */,
				C5BC912D1B744A870012CEEB /* POPAnimator.mm */,
				C5BC912E1B744A870012CEEB /* POPAnimatorPrivate.h */,
				C5BC912F1B744A870012CEEB /* POPBasicAnimation.h */,
				C5BC91301B744A870012CEEB /* POPBasicAnimation.mm */,
				C5BC91311B744A870012CEEB /* POPBasicAnimationInternal.h */,
				C5BC91321B744A870012CEEB /* POPCGUtils.h */,
				C5BC91331B744A870012CEEB /* POPCGUtils.mm */,
				C5BC91341B744A870012CEEB /* POPCustomAnimation.h */,
				C5BC91351B744A870012CEEB /* POPCustomAnimation.mm */,
				C5BC91361B744A870012CEEB /* POPDecayAnimation.h */,
				C5BC91371B744A870012CEEB /* POPDecayAnimation.mm */,
				C5BC91381B744A870012CEEB /* POPDecayAnimationInternal.h */,
				C5BC91391B744A870012CEEB /* POPDefines.h */,
				C5BC913A1B744A870012CEEB /* POPGeometry.h */,
				C5BC913B1B744A870012CEEB /* POPGeometry.mm */,
				C5BC913C1B744A870012CEEB /* POPLayerExtras.h */,
				C5BC913D1B744A870012CEEB /* POPLayerExtras.mm */,
				C5BC913E1B744A870012CEEB /* POPMath.h */,
				C5BC913F1B744A870012CEEB /* POPMath.mm */,
				C5BC91401B744A870012CEEB /* POPPropertyAnimation.h */,
				C5BC91411B744A870012CEEB /* POPPropertyAnimation.mm */,
				C5BC91421B744A870012CEEB /* POPPropertyAnimationInternal.h */,
				C5BC91431B744A870012CEEB /* POPSpringAnimation.h */,
				C5BC91441B744A870012CEEB /* POPSpringAnimation.mm */,
				C5BC91451B744A870012CEEB /* POPSpringAnimationInternal.h */,
				C5BC91461B744A870012CEEB /* POPSpringSolver.h */,
				C5BC91471B744A870012CEEB /* POPVector.h */,
				C5BC91481B744A870012CEEB /* POPVector.mm */,
				C5BC91491B744A870012CEEB /* WebCore */,
			);
			name = pop;
			path = PopAnimation/PopAnimation/pop;
			sourceTree = "<group>";
		};
		C5BC91491B744A870012CEEB /* WebCore */ = {
			isa = PBXGroup;
			children = (
				C5BC914A1B744A870012CEEB /* FloatConversion.h */,
				C5BC914B1B744A870012CEEB /* TransformationMatrix.cpp */,
				C5BC914C1B744A870012CEEB /* TransformationMatrix.h */,
				C5BC914D1B744A870012CEEB /* UnitBezier.h */,
			);
			path = WebCore;
			sourceTree = "<group>";
		};
/* End PBXGroup section */

/* Begin PBXNativeTarget section */
		C5BC90DD1B743D980012CEEB /* CoreGraphics */ = {
			isa = PBXNativeTarget;
			buildConfigurationList = C5BC91011B743D990012CEEB /* Build configuration list for PBXNativeTarget "CoreGraphics" */;
			buildPhases = (
				C5BC90DA1B743D980012CEEB /* Sources */,
				C5BC90DB1B743D980012CEEB /* Frameworks */,
				C5BC90DC1B743D980012CEEB /* Resources */,
			);
			buildRules = (
			);
			dependencies = (
			);
			name = CoreGraphics;
			productName = CoreGraphics;
			productReference = C5BC90DE1B743D980012CEEB /* CoreGraphics.app */;
			productType = "com.apple.product-type.application";
		};
		C5BC90F61B743D990012CEEB /* CoreGraphicsTests */ = {
			isa = PBXNativeTarget;
			buildConfigurationList = C5BC91041B743D990012CEEB /* Build configuration list for PBXNativeTarget "CoreGraphicsTests" */;
			buildPhases = (
				C5BC90F31B743D990012CEEB /* Sources */,
				C5BC90F41B743D990012CEEB /* Frameworks */,
				C5BC90F51B743D990012CEEB /* Resources */,
			);
			buildRules = (
			);
			dependencies = (
				C5BC90F91B743D990012CEEB /* PBXTargetDependency */,
			);
			name = CoreGraphicsTests;
			productName = CoreGraphicsTests;
			productReference = C5BC90F71B743D990012CEEB /* CoreGraphicsTests.xctest */;
			productType = "com.apple.product-type.bundle.unit-test";
		};
/* End PBXNativeTarget section */

/* Begin PBXProject section */
		C5BC90D61B743D980012CEEB /* Project object */ = {
			isa = PBXProject;
			attributes = {
				LastUpgradeCheck = 0630;
				ORGANIZATIONNAME = jobs;
				TargetAttributes = {
					C5BC90DD1B743D980012CEEB = {
						CreatedOnToolsVersion = 6.3;
					};
					C5BC90F61B743D990012CEEB = {
						CreatedOnToolsVersion = 6.3;
						TestTargetID = C5BC90DD1B743D980012CEEB;
					};
				};
			};
			buildConfigurationList = C5BC90D91B743D980012CEEB /* Build configuration list for PBXProject "CoreGraphics" */;
			compatibilityVersion = "Xcode 3.2";
			developmentRegion = English;
			hasScannedForEncodings = 0;
			knownRegions = (
				en,
				Base,
			);
			mainGroup = C5BC90D51B743D980012CEEB;
			productRefGroup = C5BC90DF1B743D980012CEEB /* Products */;
			projectDirPath = "";
			projectRoot = "";
			targets = (
				C5BC90DD1B743D980012CEEB /* CoreGraphics */,
				C5BC90F61B743D990012CEEB /* CoreGraphicsTests */,
			);
		};
/* End PBXProject section */

/* Begin PBXResourcesBuildPhase section */
		C5BC90DC1B743D980012CEEB /* Resources */ = {
			isa = PBXResourcesBuildPhase;
			buildActionMask = 2147483647;
			files = (
				C5BC915D1B744A870012CEEB /* InfoPlist.strings in Resources */,
				C5BC915E1B744A870012CEEB /* pop-Info.plist in Resources */,
				C5BC90ED1B743D980012CEEB /* Main.storyboard in Resources */,
				C5BC90F21B743D980012CEEB /* LaunchScreen.xib in Resources */,
				C5BC90EF1B743D980012CEEB /* Images.xcassets in Resources */,
			);
			runOnlyForDeploymentPostprocessing = 0;
		};
		C5BC90F51B743D990012CEEB /* Resources */ = {
			isa = PBXResourcesBuildPhase;
			buildActionMask = 2147483647;
			files = (
			);
			runOnlyForDeploymentPostprocessing = 0;
		};
/* End PBXResourcesBuildPhase section */

/* Begin PBXSourcesBuildPhase section */
		C5BC90DA1B743D980012CEEB /* Sources */ = {
			isa = PBXSourcesBuildPhase;
			buildActionMask = 2147483647;
			files = (
				C5BC91091B743DC60012CEEB /* MyView.m in Sources */,
				C5BC91631B744A870012CEEB /* POPAnimationRuntime.mm in Sources */,
				C5BC91621B744A870012CEEB /* POPAnimationExtras.mm in Sources */,
				C5BC915F1B744A870012CEEB /* POPAnimatableProperty.mm in Sources */,
				C5BC91691B744A870012CEEB /* POPDecayAnimation.mm in Sources */,
				C5BC916D1B744A870012CEEB /* POPPropertyAnimation.mm in Sources */,
				C5BC916A1B744A870012CEEB /* POPGeometry.mm in Sources */,
				C5BC90EA1B743D980012CEEB /* ViewController.m in Sources */,
				C5BC91671B744A870012CEEB /* POPCGUtils.mm in Sources */,
				C5BC91651B744A870012CEEB /* POPAnimator.mm in Sources */,
				C5BC91681B744A870012CEEB /* POPCustomAnimation.mm in Sources */,
				C5BC90E71B743D980012CEEB /* AppDelegate.m in Sources */,
				C5BC916F1B744A870012CEEB /* POPVector.mm in Sources */,
				C5BC91701B744A870012CEEB /* TransformationMatrix.cpp in Sources */,
				C5BC90E41B743D980012CEEB /* main.m in Sources */,
				C5BC916E1B744A870012CEEB /* POPSpringAnimation.mm in Sources */,
				C5BC91661B744A870012CEEB /* POPBasicAnimation.mm in Sources */,
				C5BC91611B744A870012CEEB /* POPAnimationEvent.mm in Sources */,
				C5BC916C1B744A870012CEEB /* POPMath.mm in Sources */,
				C5BC91641B744A870012CEEB /* POPAnimationTracer.mm in Sources */,
				C5BC916B1B744A870012CEEB /* POPLayerExtras.mm in Sources */,
				C5BC91601B744A870012CEEB /* POPAnimation.mm in Sources */,
			);
			runOnlyForDeploymentPostprocessing = 0;
		};
		C5BC90F31B743D990012CEEB /* Sources */ = {
			isa = PBXSourcesBuildPhase;
			buildActionMask = 2147483647;
			files = (
				C5BC90FE1B743D990012CEEB /* CoreGraphicsTests.m in Sources */,
			);
			runOnlyForDeploymentPostprocessing = 0;
		};
/* End PBXSourcesBuildPhase section */

/* Begin PBXTargetDependency section */
		C5BC90F91B743D990012CEEB /* PBXTargetDependency */ = {
			isa = PBXTargetDependency;
			target = C5BC90DD1B743D980012CEEB /* CoreGraphics */;
			targetProxy = C5BC90F81B743D990012CEEB /* PBXContainerItemProxy */;
		};
/* End PBXTargetDependency section */

/* Begin PBXVariantGroup section */
		C5BC90EB1B743D980012CEEB /* Main.storyboard */ = {
			isa = PBXVariantGroup;
			children = (
				C5BC90EC1B743D980012CEEB /* Base */,
			);
			name = Main.storyboard;
			sourceTree = "<group>";
		};
		C5BC90F01B743D980012CEEB /* LaunchScreen.xib */ = {
			isa = PBXVariantGroup;
			children = (
				C5BC90F11B743D980012CEEB /* Base */,
			);
			name = LaunchScreen.xib;
			sourceTree = "<group>";
		};
		C5BC91161B744A870012CEEB /* InfoPlist.strings */ = {
			isa = PBXVariantGroup;
			children = (
				C5BC91171B744A870012CEEB /* en */,
			);
			name = InfoPlist.strings;
			sourceTree = "<group>";
		};
/* End PBXVariantGroup section */

/* Begin XCBuildConfiguration section */
		C5BC90FF1B743D990012CEEB /* Debug */ = {
			isa = XCBuildConfiguration;
			buildSettings = {
				ALWAYS_SEARCH_USER_PATHS = NO;
				CLANG_CXX_LANGUAGE_STANDARD = "gnu++0x";
				CLANG_CXX_LIBRARY = "libc++";
				CLANG_ENABLE_MODULES = YES;
				CLANG_ENABLE_OBJC_ARC = YES;
				CLANG_WARN_BOOL_CONVERSION = YES;
				CLANG_WARN_CONSTANT_CONVERSION = YES;
				CLANG_WARN_DIRECT_OBJC_ISA_USAGE = YES_ERROR;
				CLANG_WARN_EMPTY_BODY = YES;
				CLANG_WARN_ENUM_CONVERSION = YES;
				CLANG_WARN_INT_CONVERSION = YES;
				CLANG_WARN_OBJC_ROOT_CLASS = YES_ERROR;
				CLANG_WARN_UNREACHABLE_CODE = YES;
				CLANG_WARN__DUPLICATE_METHOD_MATCH = YES;
				"CODE_SIGN_IDENTITY[sdk=iphoneos*]" = "iPhone Developer";
				COPY_PHASE_STRIP = NO;
				DEBUG_INFORMATION_FORMAT = "dwarf-with-dsym";
				ENABLE_STRICT_OBJC_MSGSEND = YES;
				GCC_C_LANGUAGE_STANDARD = gnu99;
				GCC_DYNAMIC_NO_PIC = NO;
				GCC_NO_COMMON_BLOCKS = YES;
				GCC_OPTIMIZATION_LEVEL = 0;
				GCC_PREPROCESSOR_DEFINITIONS = (
					"DEBUG=1",
					"$(inherited)",
				);
				GCC_SYMBOLS_PRIVATE_EXTERN = NO;
				GCC_WARN_64_TO_32_BIT_CONVERSION = YES;
				GCC_WARN_ABOUT_RETURN_TYPE = YES_ERROR;
				GCC_WARN_UNDECLARED_SELECTOR = YES;
				GCC_WARN_UNINITIALIZED_AUTOS = YES_AGGRESSIVE;
				GCC_WARN_UNUSED_FUNCTION = YES;
				GCC_WARN_UNUSED_VARIABLE = YES;
				IPHONEOS_DEPLOYMENT_TARGET = 8.3;
				MTL_ENABLE_DEBUG_INFO = YES;
				ONLY_ACTIVE_ARCH = YES;
				SDKROOT = iphoneos;
			};
			name = Debug;
		};
		C5BC91001B743D990012CEEB /* Release */ = {
			isa = XCBuildConfiguration;
			buildSettings = {
				ALWAYS_SEARCH_USER_PATHS = NO;
				CLANG_CXX_LANGUAGE_STANDARD = "gnu++0x";
				CLANG_CXX_LIBRARY = "libc++";
				CLANG_ENABLE_MODULES = YES;
				CLANG_ENABLE_OBJC_ARC = YES;
				CLANG_WARN_BOOL_CONVERSION = YES;
				CLANG_WARN_CONSTANT_CONVERSION = YES;
				CLANG_WARN_DIRECT_OBJC_ISA_USAGE = YES_ERROR;
				CLANG_WARN_EMPTY_BODY = YES;
				CLANG_WARN_ENUM_CONVERSION = YES;
				CLANG_WARN_INT_CONVERSION = YES;
				CLANG_WARN_OBJC_ROOT_CLASS = YES_ERROR;
				CLANG_WARN_UNREACHABLE_CODE = YES;
				CLANG_WARN__DUPLICATE_METHOD_MATCH = YES;
				"CODE_SIGN_IDENTITY[sdk=iphoneos*]" = "iPhone Developer";
				COPY_PHASE_STRIP = NO;
				DEBUG_INFORMATION_FORMAT = "dwarf-with-dsym";
				ENABLE_NS_ASSERTIONS = NO;
				ENABLE_STRICT_OBJC_MSGSEND = YES;
				GCC_C_LANGUAGE_STANDARD = gnu99;
				GCC_NO_COMMON_BLOCKS = YES;
				GCC_WARN_64_TO_32_BIT_CONVERSION = YES;
				GCC_WARN_ABOUT_RETURN_TYPE = YES_ERROR;
				GCC_WARN_UNDECLARED_SELECTOR = YES;
				GCC_WARN_UNINITIALIZED_AUTOS = YES_AGGRESSIVE;
				GCC_WARN_UNUSED_FUNCTION = YES;
				GCC_WARN_UNUSED_VARIABLE = YES;
				IPHONEOS_DEPLOYMENT_TARGET = 8.3;
				MTL_ENABLE_DEBUG_INFO = NO;
				SDKROOT = iphoneos;
				VALIDATE_PRODUCT = YES;
			};
			name = Release;
		};
		C5BC91021B743D990012CEEB /* Debug */ = {
			isa = XCBuildConfiguration;
			buildSettings = {
				ASSETCATALOG_COMPILER_APPICON_NAME = AppIcon;
				GCC_PREFIX_HEADER = "/Users/jobs/Desktop/CoreGraphics/CoreGraphics/PopAnimation/PopAnimation/pop/pop-Prefix.pch";
				INFOPLIST_FILE = CoreGraphics/Info.plist;
				LD_RUNPATH_SEARCH_PATHS = "$(inherited) @executable_path/Frameworks";
				PRODUCT_NAME = "$(TARGET_NAME)";
			};
			name = Debug;
		};
		C5BC91031B743D990012CEEB /* Release */ = {
			isa = XCBuildConfiguration;
			buildSettings = {
				ASSETCATALOG_COMPILER_APPICON_NAME = AppIcon;
				GCC_PREFIX_HEADER = "/Users/jobs/Desktop/CoreGraphics/CoreGraphics/PopAnimation/PopAnimation/pop/pop-Prefix.pch";
				INFOPLIST_FILE = CoreGraphics/Info.plist;
				LD_RUNPATH_SEARCH_PATHS = "$(inherited) @executable_path/Frameworks";
				PRODUCT_NAME = "$(TARGET_NAME)";
			};
			name = Release;
		};
		C5BC91051B743D990012CEEB /* Debug */ = {
			isa = XCBuildConfiguration;
			buildSettings = {
				BUNDLE_LOADER = "$(TEST_HOST)";
				FRAMEWORK_SEARCH_PATHS = (
					"$(SDKROOT)/Developer/Library/Frameworks",
					"$(inherited)",
				);
				GCC_PREPROCESSOR_DEFINITIONS = (
					"DEBUG=1",
					"$(inherited)",
				);
				INFOPLIST_FILE = CoreGraphicsTests/Info.plist;
				LD_RUNPATH_SEARCH_PATHS = "$(inherited) @executable_path/Frameworks @loader_path/Frameworks";
				PRODUCT_NAME = "$(TARGET_NAME)";
				TEST_HOST = "$(BUILT_PRODUCTS_DIR)/CoreGraphics.app/CoreGraphics";
			};
			name = Debug;
		};
		C5BC91061B743D990012CEEB /* Release */ = {
			isa = XCBuildConfiguration;
			buildSettings = {
				BUNDLE_LOADER = "$(TEST_HOST)";
				FRAMEWORK_SEARCH_PATHS = (
					"$(SDKROOT)/Developer/Library/Frameworks",
					"$(inherited)",
				);
				INFOPLIST_FILE = CoreGraphicsTests/Info.plist;
				LD_RUNPATH_SEARCH_PATHS = "$(inherited) @executable_path/Frameworks @loader_path/Frameworks";
				PRODUCT_NAME = "$(TARGET_NAME)";
				TEST_HOST = "$(BUILT_PRODUCTS_DIR)/CoreGraphics.app/CoreGraphics";
			};
			name = Release;
		};
/* End XCBuildConfiguration section */

/* Begin XCConfigurationList section */
		C5BC90D91B743D980012CEEB /* Build configuration list for PBXProject "CoreGraphics" */ = {
			isa = XCConfigurationList;
			buildConfigurations = (
				C5BC90FF1B743D990012CEEB /* Debug */,
				C5BC91001B743D990012CEEB /* Release */,
			);
			defaultConfigurationIsVisible = 0;
			defaultConfigurationName = Release;
		};
		C5BC91011B743D990012CEEB /* Build configuration list for PBXNativeTarget "CoreGraphics" */ = {
			isa = XCConfigurationList;
			buildConfigurations = (
				C5BC91021B743D990012CEEB /* Debug */,
				C5BC91031B743D990012CEEB /* Release */,
			);
			defaultConfigurationIsVisible = 0;
		};
		C5BC91041B743D990012CEEB /* Build configuration list for PBXNativeTarget "CoreGraphicsTests" */ = {
			isa = XCConfigurationList;
			buildConfigurations = (
				C5BC91051B743D990012CEEB /* Debug */,
				C5BC91061B743D990012CEEB /* Release */,
			);
			defaultConfigurationIsVisible = 0;
		};
/* End XCConfigurationList section */
	};
	rootObject = C5BC90D61B743D980012CEEB /* Project object */;
}
